{
  "name": "air-hockey-online",
  "version": "1.0.0",
  "lockfileVersion": 3,
  "requires": true,
  "packages": {
    "": {
      "name": "air-hockey-online",
      "version": "1.0.0",
      "dependencies": {
        "planck-js": "^0.3.0",
        "ws": "^8.18.0"
      }
    },
    "node_modules/planck-js": {
      "version": "0.3.31",
      "resolved": "https://registry.npmjs.org/planck-js/-/planck-js-0.3.31.tgz",
      "integrity": "sha512-fwKYnL92pF2nXdMPeBq/Aipu+m8LztcEcNjdcrQm/sWKDR01Ej0g121KS1oO7NW23WnRzxw24a7V4KI2JlFpSg==",
      "deprecated": "Please use 'planck' package instead of 'planck-js'",
      "license": "zlib",
      "dependencies": {
        "stage-js": "^0.9.4"
      }
    },
    "node_modules/stage-js": {
      "version": "0.9.5",
      "resolved": "https://registry.npmjs.org/stage-js/-/stage-js-0.9.5.tgz",
      "integrity": "sha512-pSu6U+e7+CPUi9jB56RVy7ni7JQQZGVzwcdel5RZhG0Rjzv3uWkhDHSm6Uk9DI4B1Yrfva7uylFq41Pbb1BfUA==",
      "license": "MIT"
    },
    "node_modules/ws": {
      "version": "8.19.0",
      "resolved": "https://registry.npmjs.org/ws/-/ws-8.19.0.tgz",
      "integrity": "sha512-blAT2mjOEIi0ZzruJfIhb3nps74PRWTCz1IjglWEEpQl5XS/UNama6u2/rjFkDDouqr4L67ry+1aGIALViWjDg==",
      "license": "MIT",
      "engines": {
        "node": ">=10.0.0"
      },
      "peerDependencies": {
        "bufferutil": "^4.0.1",
        "utf-8-validate": ">=5.0.2"
      },
      "peerDependenciesMeta": {
        "bufferutil": {
          "optional": true
        },
        "utf-8-validate": {
          "optional": true
        }
      }
    }
  }
}
